
Microsoft Visual Studio Solution File, Format Version 12.00
# Visual Studio Version 16
VisualStudioVersion = 16.0.29721.120
MinimumVisualStudioVersion = 10.0.40219.1
Project("{FAE04EC0-301F-11D3-BF4B-00C04F79EFBC}") = "Soccer.Common", "Soccer.Common\Soccer.Common.csproj", "{1FCFFA29-C6E1-481E-951B-A94517F6A94C}"
EndProject
Project("{FAE04EC0-301F-11D3-BF4B-00C04F79EFBC}") = "Soccer.Web", "Soccer.Web\Soccer.Web.csproj", "{34DD8FF1-D129-45FD-A1B0-4FD9EC5C0D03}"
EndProject
Project("{FAE04EC0-301F-11D3-BF4B-00C04F79EFBC}") = "Soccer.Prism", "Soccer.Prism\Soccer.Prism\Soccer.Prism.csproj", "{71A3940C-40B0-4857-A6E6-F6DE4C91D4BA}"
EndProject
Project("{FAE04EC0-301F-11D3-BF4B-00C04F79EFBC}") = "Soccer.Prism.Android", "Soccer.Prism\Soccer.Prism.Android\Soccer.Prism.Android.csproj", "{5D470396-D196-4E2A-9A98-7B15AD83B8B3}"
EndProject
Project("{FAE04EC0-301F-11D3-BF4B-00C04F79EFBC}") = "Soccer.Prism.iOS", "Soccer.Prism\Soccer.Prism.iOS\Soccer.Prism.iOS.csproj", "{2BFE4BAF-E02F-4B05-BB4D-C052BB91B174}"
EndProject
Project("{FAE04EC0-301F-11D3-BF4B-00C04F79EFBC}") = "Soccer.Cross.Android", "Soccer.Cross.Android\Soccer.Cross.Android.csproj", "{25866D8A-3D7A-4E49-9E2E-B58AD755BE96}"
EndProject
Project("{FAE04EC0-301F-11D3-BF4B-00C04F79EFBC}") = "Soccer.Cross.iOS", "Soccer.Cross.iOS\Soccer.Cross.iOS.csproj", "{0311EE7D-C3E3-45B0-AB50-AC75B7C7B0C0}"
EndProject
Global
	GlobalSection(SolutionConfigurationPlatforms) = preSolution
		Ad-Hoc|Any CPU = Ad-Hoc|Any CPU
		Ad-Hoc|iPhone = Ad-Hoc|iPhone
		Ad-Hoc|iPhoneSimulator = Ad-Hoc|iPhoneSimulator
		AppStore|Any CPU = AppStore|Any CPU
		AppStore|iPhone = AppStore|iPhone
		AppStore|iPhoneSimulator = AppStore|iPhoneSimulator
		Debug|Any CPU = Debug|Any CPU
		Debug|iPhone = Debug|iPhone
		Debug|iPhoneSimulator = Debug|iPhoneSimulator
		Release|Any CPU = Release|Any CPU
		Release|iPhone = Release|iPhone
		Release|iPhoneSimulator = Release|iPhoneSimulator
	EndGlobalSection
	GlobalSection(ProjectConfigurationPlatforms) = postSolution
		{1FCFFA29-C6E1-481E-951B-A94517F6A94C}.Ad-Hoc|Any CPU.ActiveCfg = Debug|Any CPU
		{1FCFFA29-C6E1-481E-951B-A94517F6A94C}.Ad-Hoc|Any CPU.Build.0 = Debug|Any CPU
		{1FCFFA29-C6E1-481E-951B-A94517F6A94C}.Ad-Hoc|iPhone.ActiveCfg = Debug|Any CPU
		{1FCFFA29-C6E1-481E-951B-A94517F6A94C}.Ad-Hoc|iPhone.Build.0 = Debug|Any CPU
		{1FCFFA29-C6E1-481E-951B-A94517F6A94C}.Ad-Hoc|iPhoneSimulator.ActiveCfg = Debug|Any CPU
		{1FCFFA29-C6E1-481E-951B-A94517F6A94C}.Ad-Hoc|iPhoneSimulator.Build.0 = Debug|Any CPU
		{1FCFFA29-C6E1-481E-951B-A94517F6A94C}.AppStore|Any CPU.ActiveCfg = Debug|Any CPU
		{1FCFFA29-C6E1-481E-951B-A94517F6A94C}.AppStore|Any CPU.Build.0 = Debug|Any CPU
		{1FCFFA29-C6E1-481E-951B-A94517F6A94C}.AppStore|iPhone.ActiveCfg = Debug|Any CPU
		{1FCFFA29-C6E1-481E-951B-A94517F6A94C}.AppStore|iPhone.Build.0 = Debug|Any CPU
		{1FCFFA29-C6E1-481E-951B-A94517F6A94C}.AppStore|iPhoneSimulator.ActiveCfg = Debug|Any CPU
		{1FCFFA29-C6E1-481E-951B-A94517F6A94C}.AppStore|iPhoneSimulator.Build.0 = Debug|Any CPU
		{1FCFFA29-C6E1-481E-951B-A94517F6A94C}.Debug|Any CPU.ActiveCfg = Debug|Any CPU
		{1FCFFA29-C6E1-481E-951B-A94517F6A94C}.Debug|Any CPU.Build.0 = Debug|Any CPU
		{1FCFFA29-C6E1-481E-951B-A94517F6A94C}.Debug|iPhone.ActiveCfg = Debug|Any CPU
		{1FCFFA29-C6E1-481E-951B-A94517F6A94C}.Debug|iPhone.Build.0 = Debug|Any CPU
		{1FCFFA29-C6E1-481E-951B-A94517F6A94C}.Debug|iPhoneSimulator.ActiveCfg = Debug|Any CPU
		{1FCFFA29-C6E1-481E-951B-A94517F6A94C}.Debug|iPhoneSimulator.Build.0 = Debug|Any CPU
		{1FCFFA29-C6E1-481E-951B-A94517F6A94C}.Release|Any CPU.ActiveCfg = Release|Any CPU
		{1FCFFA29-C6E1-481E-951B-A94517F6A94C}.Release|Any CPU.Build.0 = Release|Any CPU
		{1FCFFA29-C6E1-481E-951B-A94517F6A94C}.Release|iPhone.ActiveCfg = Release|Any CPU
		{1FCFFA29-C6E1-481E-951B-A94517F6A94C}.Release|iPhone.Build.0 = Release|Any CPU
		{1FCFFA29-C6E1-481E-951B-A94517F6A94C}.Release|iPhoneSimulator.ActiveCfg = Release|Any CPU
		{1FCFFA29-C6E1-481E-951B-A94517F6A94C}.Release|iPhoneSimulator.Build.0 = Release|Any CPU
		{34DD8FF1-D129-45FD-A1B0-4FD9EC5C0D03}.Ad-Hoc|Any CPU.ActiveCfg = Debug|Any CPU
		{34DD8FF1-D129-45FD-A1B0-4FD9EC5C0D03}.Ad-Hoc|Any CPU.Build.0 = Debug|Any CPU
		{34DD8FF1-D129-45FD-A1B0-4FD9EC5C0D03}.Ad-Hoc|iPhone.ActiveCfg = Debug|Any CPU
		{34DD8FF1-D129-45FD-A1B0-4FD9EC5C0D03}.Ad-Hoc|iPhone.Build.0 = Debug|Any CPU
		{34DD8FF1-D129-45FD-A1B0-4FD9EC5C0D03}.Ad-Hoc|iPhoneSimulator.ActiveCfg = Debug|Any CPU
		{34DD8FF1-D129-45FD-A1B0-4FD9EC5C0D03}.Ad-Hoc|iPhoneSimulator.Build.0 = Debug|Any CPU
		{34DD8FF1-D129-45FD-A1B0-4FD9EC5C0D03}.AppStore|Any CPU.ActiveCfg = Debug|Any CPU
		{34DD8FF1-D129-45FD-A1B0-4FD9EC5C0D03}.AppStore|Any CPU.Build.0 = Debug|Any CPU
		{34DD8FF1-D129-45FD-A1B0-4FD9EC5C0D03}.AppStore|iPhone.ActiveCfg = Debug|Any CPU
		{34DD8FF1-D129-45FD-A1B0-4FD9EC5C0D03}.AppStore|iPhone.Build.0 = Debug|Any CPU
		{34DD8FF1-D129-45FD-A1B0-4FD9EC5C0D03}.AppStore|iPhoneSimulator.ActiveCfg = Debug|Any CPU
		{34DD8FF1-D129-45FD-A1B0-4FD9EC5C0D03}.AppStore|iPhoneSimulator.Build.0 = Debug|Any CPU
		{34DD8FF1-D129-45FD-A1B0-4FD9EC5C0D03}.Debug|Any CPU.ActiveCfg = Debug|Any CPU
		{34DD8FF1-D129-45FD-A1B0-4FD9EC5C0D03}.Debug|Any CPU.Build.0 = Debug|Any CPU
		{34DD8FF1-D129-45FD-A1B0-4FD9EC5C0D03}.Debug|iPhone.ActiveCfg = Debug|Any CPU
		{34DD8FF1-D129-45FD-A1B0-4FD9EC5C0D03}.Debug|iPhone.Build.0 = Debug|Any CPU
		{34DD8FF1-D129-45FD-A1B0-4FD9EC5C0D03}.Debug|iPhoneSimulator.ActiveCfg = Debug|Any CPU
		{34DD8FF1-D129-45FD-A1B0-4FD9EC5C0D03}.Debug|iPhoneSimulator.Build.0 = Debug|Any CPU
		{34DD8FF1-D129-45FD-A1B0-4FD9EC5C0D03}.Release|Any CPU.ActiveCfg = Release|Any CPU
		{34DD8FF1-D129-45FD-A1B0-4FD9EC5C0D03}.Release|Any CPU.Build.0 = Release|Any CPU
		{34DD8FF1-D129-45FD-A1B0-4FD9EC5C0D03}.Release|iPhone.ActiveCfg = Release|Any CPU
		{34DD8FF1-D129-45FD-A1B0-4FD9EC5C0D03}.Release|iPhone.Build.0 = Release|Any CPU
		{34DD8FF1-D129-45FD-A1B0-4FD9EC5C0D03}.Release|iPhoneSimulator.ActiveCfg = Release|Any CPU
		{34DD8FF1-D129-45FD-A1B0-4FD9EC5C0D03}.Release|iPhoneSimulator.Build.0 = Release|Any CPU
		{71A3940C-40B0-4857-A6E6-F6DE4C91D4BA}.Ad-Hoc|Any CPU.ActiveCfg = Debug|Any CPU
		{71A3940C-40B0-4857-A6E6-F6DE4C91D4BA}.Ad-Hoc|Any CPU.Build.0 = Debug|Any CPU
		{71A3940C-40B0-4857-A6E6-F6DE4C91D4BA}.Ad-Hoc|iPhone.ActiveCfg = Debug|Any CPU
		{71A3940C-40B0-4857-A6E6-F6DE4C91D4BA}.Ad-Hoc|iPhone.Build.0 = Debug|Any CPU
		{71A3940C-40B0-4857-A6E6-F6DE4C91D4BA}.Ad-Hoc|iPhoneSimulator.ActiveCfg = Debug|Any CPU
		{71A3940C-40B0-4857-A6E6-F6DE4C91D4BA}.Ad-Hoc|iPhoneSimulator.Build.0 = Debug|Any CPU
		{71A3940C-40B0-4857-A6E6-F6DE4C91D4BA}.AppStore|Any CPU.ActiveCfg = Debug|Any CPU
		{71A3940C-40B0-4857-A6E6-F6DE4C91D4BA}.AppStore|Any CPU.Build.0 = Debug|Any CPU
		{71A3940C-40B0-4857-A6E6-F6DE4C91D4BA}.AppStore|iPhone.ActiveCfg = Debug|Any CPU
		{71A3940C-40B0-4857-A6E6-F6DE4C91D4BA}.AppStore|iPhone.Build.0 = Debug|Any CPU
		{71A3940C-40B0-4857-A6E6-F6DE4C91D4BA}.AppStore|iPhoneSimulator.ActiveCfg = Debug|Any CPU
		{71A3940C-40B0-4857-A6E6-F6DE4C91D4BA}.AppStore|iPhoneSimulator.Build.0 = Debug|Any CPU
		{71A3940C-40B0-4857-A6E6-F6DE4C91D4BA}.Debug|Any CPU.ActiveCfg = Debug|Any CPU
		{71A3940C-40B0-4857-A6E6-F6DE4C91D4BA}.Debug|Any CPU.Build.0 = Debug|Any CPU
		{71A3940C-40B0-4857-A6E6-F6DE4C91D4BA}.Debug|iPhone.ActiveCfg = Debug|Any CPU
		{71A3940C-40B0-4857-A6E6-F6DE4C91D4BA}.Debug|iPhone.Build.0 = Debug|Any CPU
		{71A3940C-40B0-4857-A6E6-F6DE4C91D4BA}.Debug|iPhoneSimulator.ActiveCfg = Debug|Any CPU
		{71A3940C-40B0-4857-A6E6-F6DE4C91D4BA}.Debug|iPhoneSimulator.Build.0 = Debug|Any CPU
		{71A3940C-40B0-4857-A6E6-F6DE4C91D4BA}.Release|Any CPU.ActiveCfg = Release|Any CPU
		{71A3940C-40B0-4857-A6E6-F6DE4C91D4BA}.Release|Any CPU.Build.0 = Release|Any CPU
		{71A3940C-40B0-4857-A6E6-F6DE4C91D4BA}.Release|iPhone.ActiveCfg = Release|Any CPU
		{71A3940C-40B0-4857-A6E6-F6DE4C91D4BA}.Release|iPhone.Build.0 = Release|Any CPU
		{71A3940C-40B0-4857-A6E6-F6DE4C91D4BA}.Release|iPhoneSimulator.ActiveCfg = Release|Any CPU
		{71A3940C-40B0-4857-A6E6-F6DE4C91D4BA}.Release|iPhoneSimulator.Build.0 = Release|Any CPU
		{5D470396-D196-4E2A-9A98-7B15AD83B8B3}.Ad-Hoc|Any CPU.ActiveCfg = Release|Any CPU
		{5D470396-D196-4E2A-9A98-7B15AD83B8B3}.Ad-Hoc|Any CPU.Build.0 = Release|Any CPU
		{5D470396-D196-4E2A-9A98-7B15AD83B8B3}.Ad-Hoc|Any CPU.Deploy.0 = Release|Any CPU
		{5D470396-D196-4E2A-9A98-7B15AD83B8B3}.Ad-Hoc|iPhone.ActiveCfg = Release|Any CPU
		{5D470396-D196-4E2A-9A98-7B15AD83B8B3}.Ad-Hoc|iPhone.Build.0 = Release|Any CPU
		{5D470396-D196-4E2A-9A98-7B15AD83B8B3}.Ad-Hoc|iPhone.Deploy.0 = Release|Any CPU
		{5D470396-D196-4E2A-9A98-7B15AD83B8B3}.Ad-Hoc|iPhoneSimulator.ActiveCfg = Release|Any CPU
		{5D470396-D196-4E2A-9A98-7B15AD83B8B3}.Ad-Hoc|iPhoneSimulator.Build.0 = Release|Any CPU
		{5D470396-D196-4E2A-9A98-7B15AD83B8B3}.Ad-Hoc|iPhoneSimulator.Deploy.0 = Release|Any CPU
		{5D470396-D196-4E2A-9A98-7B15AD83B8B3}.AppStore|Any CPU.ActiveCfg = Release|Any CPU
		{5D470396-D196-4E2A-9A98-7B15AD83B8B3}.AppStore|Any CPU.Build.0 = Release|Any CPU
		{5D470396-D196-4E2A-9A98-7B15AD83B8B3}.AppStore|Any CPU.Deploy.0 = Release|Any CPU
		{5D470396-D196-4E2A-9A98-7B15AD83B8B3}.AppStore|iPhone.ActiveCfg = Release|Any CPU
		{5D470396-D196-4E2A-9A98-7B15AD83B8B3}.AppStore|iPhone.Build.0 = Release|Any CPU
		{5D470396-D196-4E2A-9A98-7B15AD83B8B3}.AppStore|iPhone.Deploy.0 = Release|Any CPU
		{5D470396-D196-4E2A-9A98-7B15AD83B8B3}.AppStore|iPhoneSimulator.ActiveCfg = Release|Any CPU
		{5D470396-D196-4E2A-9A98-7B15AD83B8B3}.AppStore|iPhoneSimulator.Build.0 = Release|Any CPU
		{5D470396-D196-4E2A-9A98-7B15AD83B8B3}.AppStore|iPhoneSimulator.Deploy.0 = Release|Any CPU
		{5D470396-D196-4E2A-9A98-7B15AD83B8B3}.Debug|Any CPU.ActiveCfg = Debug|Any CPU
		{5D470396-D196-4E2A-9A98-7B15AD83B8B3}.Debug|Any CPU.Build.0 = Debug|Any CPU
		{5D470396-D196-4E2A-9A98-7B15AD83B8B3}.Debug|Any CPU.Deploy.0 = Debug|Any CPU
		{5D470396-D196-4E2A-9A98-7B15AD83B8B3}.Debug|iPhone.ActiveCfg = Debug|Any CPU
		{5D470396-D196-4E2A-9A98-7B15AD83B8B3}.Debug|iPhone.Build.0 = Debug|Any CPU
		{5D470396-D196-4E2A-9A98-7B15AD83B8B3}.Debug|iPhone.Deploy.0 = Debug|Any CPU
		{5D470396-D196-4E2A-9A98-7B15AD83B8B3}.Debug|iPhoneSimulator.ActiveCfg = Debug|Any CPU
		{5D470396-D196-4E2A-9A98-7B15AD83B8B3}.Debug|iPhoneSimulator.Build.0 = Debug|Any CPU
		{5D470396-D196-4E2A-9A98-7B15AD83B8B3}.Debug|iPhoneSimulator.Deploy.0 = Debug|Any CPU
		{5D470396-D196-4E2A-9A98-7B15AD83B8B3}.Release|Any CPU.ActiveCfg = Release|Any CPU
		{5D470396-D196-4E2A-9A98-7B15AD83B8B3}.Release|Any CPU.Build.0 = Release|Any CPU
		{5D470396-D196-4E2A-9A98-7B15AD83B8B3}.Release|Any CPU.Deploy.0 = Release|Any CPU
		{5D470396-D196-4E2A-9A98-7B15AD83B8B3}.Release|iPhone.ActiveCfg = Release|Any CPU
		{5D470396-D196-4E2A-9A98-7B15AD83B8B3}.Release|iPhone.Build.0 = Release|Any CPU
		{5D470396-D196-4E2A-9A98-7B15AD83B8B3}.Release|iPhone.Deploy.0 = Release|Any CPU
		{5D470396-D196-4E2A-9A98-7B15AD83B8B3}.Release|iPhoneSimulator.ActiveCfg = Release|Any CPU
		{5D470396-D196-4E2A-9A98-7B15AD83B8B3}.Release|iPhoneSimulator.Build.0 = Release|Any CPU
		{5D470396-D196-4E2A-9A98-7B15AD83B8B3}.Release|iPhoneSimulator.Deploy.0 = Release|Any CPU
		{2BFE4BAF-E02F-4B05-BB4D-C052BB91B174}.Ad-Hoc|Any CPU.ActiveCfg = Ad-Hoc|iPhone
		{2BFE4BAF-E02F-4B05-BB4D-C052BB91B174}.Ad-Hoc|iPhone.ActiveCfg = Ad-Hoc|iPhone
		{2BFE4BAF-E02F-4B05-BB4D-C052BB91B174}.Ad-Hoc|iPhone.Build.0 = Ad-Hoc|iPhone
		{2BFE4BAF-E02F-4B05-BB4D-C052BB91B174}.Ad-Hoc|iPhoneSimulator.ActiveCfg = Ad-Hoc|iPhoneSimulator
		{2BFE4BAF-E02F-4B05-BB4D-C052BB91B174}.Ad-Hoc|iPhoneSimulator.Build.0 = Ad-Hoc|iPhoneSimulator
		{2BFE4BAF-E02F-4B05-BB4D-C052BB91B174}.AppStore|Any CPU.ActiveCfg = AppStore|iPhone
		{2BFE4BAF-E02F-4B05-BB4D-C052BB91B174}.AppStore|iPhone.ActiveCfg = AppStore|iPhone
		{2BFE4BAF-E02F-4B05-BB4D-C052BB91B174}.AppStore|iPhone.Build.0 = AppStore|iPhone
		{2BFE4BAF-E02F-4B05-BB4D-C052BB91B174}.AppStore|iPhoneSimulator.ActiveCfg = AppStore|iPhoneSimulator
		{2BFE4BAF-E02F-4B05-BB4D-C052BB91B174}.AppStore|iPhoneSimulator.Build.0 = AppStore|iPhoneSimulator
		{2BFE4BAF-E02F-4B05-BB4D-C052BB91B174}.Debug|Any CPU.ActiveCfg = Debug|iPhone
		{2BFE4BAF-E02F-4B05-BB4D-C052BB91B174}.Debug|iPhone.ActiveCfg = Debug|iPhone
		{2BFE4BAF-E02F-4B05-BB4D-C052BB91B174}.Debug|iPhone.Build.0 = Debug|iPhone
		{2BFE4BAF-E02F-4B05-BB4D-C052BB91B174}.Debug|iPhoneSimulator.ActiveCfg = Debug|iPhoneSimulator
		{2BFE4BAF-E02F-4B05-BB4D-C052BB91B174}.Debug|iPhoneSimulator.Build.0 = Debug|iPhoneSimulator
		{2BFE4BAF-E02F-4B05-BB4D-C052BB91B174}.Release|Any CPU.ActiveCfg = Release|iPhone
		{2BFE4BAF-E02F-4B05-BB4D-C052BB91B174}.Release|iPhone.ActiveCfg = Release|iPhone
		{2BFE4BAF-E02F-4B05-BB4D-C052BB91B174}.Release|iPhone.Build.0 = Release|iPhone
		{2BFE4BAF-E02F-4B05-BB4D-C052BB91B174}.Release|iPhoneSimulator.ActiveCfg = Release|iPhoneSimulator
		{2BFE4BAF-E02F-4B05-BB4D-C052BB91B174}.Release|iPhoneSimulator.Build.0 = Release|iPhoneSimulator
		{25866D8A-3D7A-4E49-9E2E-B58AD755BE96}.Ad-Hoc|Any CPU.ActiveCfg = Release|Any CPU
		{25866D8A-3D7A-4E49-9E2E-B58AD755BE96}.Ad-Hoc|Any CPU.Build.0 = Release|Any CPU
		{25866D8A-3D7A-4E49-9E2E-B58AD755BE96}.Ad-Hoc|Any CPU.Deploy.0 = Release|Any CPU
		{25866D8A-3D7A-4E49-9E2E-B58AD755BE96}.Ad-Hoc|iPhone.ActiveCfg = Release|Any CPU
		{25866D8A-3D7A-4E49-9E2E-B58AD755BE96}.Ad-Hoc|iPhone.Build.0 = Release|Any CPU
		{25866D8A-3D7A-4E49-9E2E-B58AD755BE96}.Ad-Hoc|iPhone.Deploy.0 = Release|Any CPU
		{25866D8A-3D7A-4E49-9E2E-B58AD755BE96}.Ad-Hoc|iPhoneSimulator.ActiveCfg = Release|Any CPU
		{25866D8A-3D7A-4E49-9E2E-B58AD755BE96}.Ad-Hoc|iPhoneSimulator.Build.0 = Release|Any CPU
		{25866D8A-3D7A-4E49-9E2E-B58AD755BE96}.Ad-Hoc|iPhoneSimulator.Deploy.0 = Release|Any CPU
		{25866D8A-3D7A-4E49-9E2E-B58AD755BE96}.AppStore|Any CPU.ActiveCfg = Release|Any CPU
		{25866D8A-3D7A-4E49-9E2E-B58AD755BE96}.AppStore|Any CPU.Build.0 = Release|Any CPU
		{25866D8A-3D7A-4E49-9E2E-B58AD755BE96}.AppStore|Any CPU.Deploy.0 = Release|Any CPU
		{25866D8A-3D7A-4E49-9E2E-B58AD755BE96}.AppStore|iPhone.ActiveCfg = Release|Any CPU
		{25866D8A-3D7A-4E49-9E2E-B58AD755BE96}.AppStore|iPhone.Build.0 = Release|Any CPU
		{25866D8A-3D7A-4E49-9E2E-B58AD755BE96}.AppStore|iPhone.Deploy.0 = Release|Any CPU
		{25866D8A-3D7A-4E49-9E2E-B58AD755BE96}.AppStore|iPhoneSimulator.ActiveCfg = Release|Any CPU
		{25866D8A-3D7A-4E49-9E2E-B58AD755BE96}.AppStore|iPhoneSimulator.Build.0 = Release|Any CPU
		{25866D8A-3D7A-4E49-9E2E-B58AD755BE96}.AppStore|iPhoneSimulator.Deploy.0 = Release|Any CPU
		{25866D8A-3D7A-4E49-9E2E-B58AD755BE96}.Debug|Any CPU.ActiveCfg = Debug|Any CPU
		{25866D8A-3D7A-4E49-9E2E-B58AD755BE96}.Debug|Any CPU.Build.0 = Debug|Any CPU
		{25866D8A-3D7A-4E49-9E2E-B58AD755BE96}.Debug|Any CPU.Deploy.0 = Debug|Any CPU
		{25866D8A-3D7A-4E49-9E2E-B58AD755BE96}.Debug|iPhone.ActiveCfg = Debug|Any CPU
		{25866D8A-3D7A-4E49-9E2E-B58AD755BE96}.Debug|iPhone.Build.0 = Debug|Any CPU
		{25866D8A-3D7A-4E49-9E2E-B58AD755BE96}.Debug|iPhone.Deploy.0 = Debug|Any CPU
		{25866D8A-3D7A-4E49-9E2E-B58AD755BE96}.Debug|iPhoneSimulator.ActiveCfg = Debug|Any CPU
		{25866D8A-3D7A-4E49-9E2E-B58AD755BE96}.Debug|iPhoneSimulator.Build.0 = Debug|Any CPU
		{25866D8A-3D7A-4E49-9E2E-B58AD755BE96}.Debug|iPhoneSimulator.Deploy.0 = Debug|Any CPU
		{25866D8A-3D7A-4E49-9E2E-B58AD755BE96}.Release|Any CPU.ActiveCfg = Release|Any CPU
		{25866D8A-3D7A-4E49-9E2E-B58AD755BE96}.Release|Any CPU.Build.0 = Release|Any CPU
		{25866D8A-3D7A-4E49-9E2E-B58AD755BE96}.Release|Any CPU.Deploy.0 = Release|Any CPU
		{25866D8A-3D7A-4E49-9E2E-B58AD755BE96}.Release|iPhone.ActiveCfg = Release|Any CPU
		{25866D8A-3D7A-4E49-9E2E-B58AD755BE96}.Release|iPhone.Build.0 = Release|Any CPU
		{25866D8A-3D7A-4E49-9E2E-B58AD755BE96}.Release|iPhone.Deploy.0 = Release|Any CPU
		{25866D8A-3D7A-4E49-9E2E-B58AD755BE96}.Release|iPhoneSimulator.ActiveCfg = Release|Any CPU
		{25866D8A-3D7A-4E49-9E2E-B58AD755BE96}.Release|iPhoneSimulator.Build.0 = Release|Any CPU
		{25866D8A-3D7A-4E49-9E2E-B58AD755BE96}.Release|iPhoneSimulator.Deploy.0 = Release|Any CPU
		{0311EE7D-C3E3-45B0-AB50-AC75B7C7B0C0}.Ad-Hoc|Any CPU.ActiveCfg = Release|iPhone
		{0311EE7D-C3E3-45B0-AB50-AC75B7C7B0C0}.Ad-Hoc|Any CPU.Build.0 = Release|iPhone
		{0311EE7D-C3E3-45B0-AB50-AC75B7C7B0C0}.Ad-Hoc|iPhone.ActiveCfg = Release|iPhone
		{0311EE7D-C3E3-45B0-AB50-AC75B7C7B0C0}.Ad-Hoc|iPhone.Build.0 = Release|iPhone
		{0311EE7D-C3E3-45B0-AB50-AC75B7C7B0C0}.Ad-Hoc|iPhoneSimulator.ActiveCfg = Release|iPhoneSimulator
		{0311EE7D-C3E3-45B0-AB50-AC75B7C7B0C0}.Ad-Hoc|iPhoneSimulator.Build.0 = Release|iPhoneSimulator
		{0311EE7D-C3E3-45B0-AB50-AC75B7C7B0C0}.AppStore|Any CPU.ActiveCfg = Release|iPhone
		{0311EE7D-C3E3-45B0-AB50-AC75B7C7B0C0}.AppStore|Any CPU.Build.0 = Release|iPhone
		{0311EE7D-C3E3-45B0-AB50-AC75B7C7B0C0}.AppStore|iPhone.ActiveCfg = Release|iPhone
		{0311EE7D-C3E3-45B0-AB50-AC75B7C7B0C0}.AppStore|iPhone.Build.0 = Release|iPhone
		{0311EE7D-C3E3-45B0-AB50-AC75B7C7B0C0}.AppStore|iPhoneSimulator.ActiveCfg = Release|iPhoneSimulator
		{0311EE7D-C3E3-45B0-AB50-AC75B7C7B0C0}.AppStore|iPhoneSimulator.Build.0 = Release|iPhoneSimulator
		{0311EE7D-C3E3-45B0-AB50-AC75B7C7B0C0}.Debug|Any CPU.ActiveCfg = Debug|iPhone
		{0311EE7D-C3E3-45B0-AB50-AC75B7C7B0C0}.Debug|iPhone.ActiveCfg = Debug|iPhone
		{0311EE7D-C3E3-45B0-AB50-AC75B7C7B0C0}.Debug|iPhone.Build.0 = Debug|iPhone
		{0311EE7D-C3E3-45B0-AB50-AC75B7C7B0C0}.Debug|iPhoneSimulator.ActiveCfg = Debug|iPhoneSimulator
		{0311EE7D-C3E3-45B0-AB50-AC75B7C7B0C0}.Debug|iPhoneSimulator.Build.0 = Debug|iPhoneSimulator
		{0311EE7D-C3E3-45B0-AB50-AC75B7C7B0C0}.Release|Any CPU.ActiveCfg = Release|iPhone
		{0311EE7D-C3E3-45B0-AB50-AC75B7C7B0C0}.Release|iPhone.ActiveCfg = Release|iPhone
		{0311EE7D-C3E3-45B0-AB50-AC75B7C7B0C0}.Release|iPhone.Build.0 = Release|iPhone
		{0311EE7D-C3E3-45B0-AB50-AC75B7C7B0C0}.Release|iPhoneSimulator.ActiveCfg = Release|iPhoneSimulator
		{0311EE7D-C3E3-45B0-AB50-AC75B7C7B0C0}.Release|iPhoneSimulator.Build.0 = Release|iPhoneSimulator
	EndGlobalSection
	GlobalSection(SolutionProperties) = preSolution
		HideSolutionNode = FALSE
	EndGlobalSection
	GlobalSection(ExtensibilityGlobals) = postSolution
		SolutionGuid = {482B284A-FF1E-46DB-9CCE-8C99F5A27C09}
	EndGlobalSection
EndGlobal
